
Microsoft Visual Studio Solution File, Format Version 12.00
# Visual Studio Version 16
VisualStudioVersion = 16.0.30907.101
MinimumVisualStudioVersion = 10.0.40219.1
Project("{FAE04EC0-301F-11D3-BF4B-00C04F79EFBC}") = "AZainBooking.Android", "AZainBooking.Android\AZainBooking.Android.csproj", "{CA2BF652-C6A5-4A8B-8C7B-332E5AD02E0A}"
EndProject
Project("{FAE04EC0-301F-11D3-BF4B-00C04F79EFBC}") = "AZainBooking", "AZainBooking\AZainBooking.csproj", "{F42C8229-64D1-4902-A7EA-68EB805D0745}"
EndProject
Global
	GlobalSection(SolutionConfigurationPlatforms) = preSolution
		Debug|Any CPU = Debug|Any CPU
		Release|Any CPU = Release|Any CPU
	EndGlobalSection
	GlobalSection(ProjectConfigurationPlatforms) = postSolution
		{CA2BF652-C6A5-4A8B-8C7B-332E5AD02E0A}.Debug|Any CPU.ActiveCfg = Debug|Any CPU
		{CA2BF652-C6A5-4A8B-8C7B-332E5AD02E0A}.Debug|Any CPU.Build.0 = Debug|Any CPU
		{CA2BF652-C6A5-4A8B-8C7B-332E5AD02E0A}.Debug|Any CPU.Deploy.0 = Debug|Any CPU
		{CA2BF652-C6A5-4A8B-8C7B-332E5AD02E0A}.Release|Any CPU.ActiveCfg = Release|Any CPU
		{CA2BF652-C6A5-4A8B-8C7B-332E5AD02E0A}.Release|Any CPU.Build.0 = Release|Any CPU
		{CA2BF652-C6A5-4A8B-8C7B-332E5AD02E0A}.Release|Any CPU.Deploy.0 = Release|Any CPU
		{F42C8229-64D1-4902-A7EA-68EB805D0745}.Debug|Any CPU.ActiveCfg = Debug|Any CPU
		{F42C8229-64D1-4902-A7EA-68EB805D0745}.Debug|Any CPU.Build.0 = Debug|Any CPU
		{F42C8229-64D1-4902-A7EA-68EB805D0745}.Debug|Any CPU.Deploy.0 = Debug|Any CPU
		{F42C8229-64D1-4902-A7EA-68EB805D0745}.Release|Any CPU.ActiveCfg = Release|Any CPU
		{F42C8229-64D1-4902-A7EA-68EB805D0745}.Release|Any CPU.Build.0 = Release|Any CPU
		{F42C8229-64D1-4902-A7EA-68EB805D0745}.Release|Any CPU.Deploy.0 = Release|Any CPU
	EndGlobalSection
	GlobalSection(SolutionProperties) = preSolution
		HideSolutionNode = FALSE
	EndGlobalSection
	GlobalSection(ExtensibilityGlobals) = postSolution
		SolutionGuid = {62AE9649-B5C3-475D-8E90-99B2F3C70450}
	EndGlobalSection
EndGlobal
